
Microsoft Visual Studio Solution File, Format Version 12.00
# Visual Studio Version 16
VisualStudioVersion = 16.0.31005.135
MinimumVisualStudioVersion = 10.0.40219.1
Project("{FAE04EC0-301F-11D3-BF4B-00C04F79EFBC}") = "1-DependencyInjection", "1-DependencyInjection\1-DependencyInjection.csproj", "{4A32303E-2382-482C-9921-8334A05CD828}"
EndProject
Global
	GlobalSection(SolutionConfigurationPlatforms) = preSolution
		Debug|Any CPU = Debug|Any CPU
		Release|Any CPU = Release|Any CPU
	EndGlobalSection
	GlobalSection(ProjectConfigurationPlatforms) = postSolution
		{4A32303E-2382-482C-9921-8334A05CD828}.Debug|Any CPU.ActiveCfg = Debug|Any CPU
		{4A32303E-2382-482C-9921-8334A05CD828}.Debug|Any CPU.Build.0 = Debug|Any CPU
		{4A32303E-2382-482C-9921-8334A05CD828}.Release|Any CPU.ActiveCfg = Release|Any CPU
		{4A32303E-2382-482C-9921-8334A05CD828}.Release|Any CPU.Build.0 = Release|Any CPU
	EndGlobalSection
	GlobalSection(SolutionProperties) = preSolution
		HideSolutionNode = FALSE
	EndGlobalSection
	GlobalSection(ExtensibilityGlobals) = postSolution
		SolutionGuid = {D3902176-05A6-47E4-A343-D25DE015650A}
	EndGlobalSection
EndGlobal
